{
    "name": "PocketBase Superuser UI",
    "lockfileVersion": 3,
    "requires": true,
    "packages": {
        "": {
            "name": "PocketBase Superuser UI",
            "dependencies": {
                "leaflet": "^1.9.4",
                "pocketbase": "^0.27.0"
            },
            "devDependencies": {
                "dprint": "^0.52.0",
                "vite": "^8.0.0"
            }
        },
        "node_modules/@dprint/darwin-arm64": {
            "version": "0.52.0",
            "resolved": "https://registry.npmjs.org/@dprint/darwin-arm64/-/darwin-arm64-0.52.0.tgz",
            "integrity": "sha512-HHpmHCeFw1V9qUU0pJrz7LihrMgQJ5DOejfI3GRCJOd2ue3Api3/ZrzNSIqUbnx/j0RT5c7zxZR5aTE0RHwRFQ==",
            "cpu": [
                "arm64"
            ],
            "dev": true,
            "license": "MIT",
            "optional": true,
            "os": [
                "darwin"
            ]
        },
        "node_modules/@dprint/darwin-x64": {
            "version": "0.52.0",
            "resolved": "https://registry.npmjs.org/@dprint/darwin-x64/-/darwin-x64-0.52.0.tgz",
            "integrity": "sha512-ZuoYH/hyzFhwwFUmykkm1QvLk9u7zxpKL6M8r1fY+lINucujIoGZxW1PjRbbIXaST6nDLbQB21P7LyNncAByOg==",
            "cpu": [
                "x64"
            ],
            "dev": true,
            "license": "MIT",
            "optional": true,
            "os": [
                "darwin"
            ]
        },
        "node_modules/@dprint/linux-arm64-glibc": {
            "version": "0.52.0",
            "resolved": "https://registry.npmjs.org/@dprint/linux-arm64-glibc/-/linux-arm64-glibc-0.52.0.tgz",
            "integrity": "sha512-waghQcB32CLMuCxnVRQktc7U1S2qsL4spUmvCMyu4ufhZqXf4rQn07L1NcSmQOap40q9Db8ZBmLHfHm1Kab6uA==",
            "cpu": [
                "arm64"
            ],
            "dev": true,
            "libc": [
                "glibc"
            ],
            "license": "MIT",
            "optional": true,
            "os": [
                "linux"
            ]
        },
        "node_modules/@dprint/linux-arm64-musl": {
            "version": "0.52.0",
            "resolved": "https://registry.npmjs.org/@dprint/linux-arm64-musl/-/linux-arm64-musl-0.52.0.tgz",
            "integrity": "sha512-8ml2DmF8i7eEou1G5nqgMMhRir89Fsd9cMLZRPZN/FSw6Nc3vAhk2MqZIrYk2DGfoWts7jis6XvEu3/TwMP8fw==",
            "cpu": [
                "arm64"
            ],
            "dev": true,
            "libc": [
                "musl"
            ],
            "license": "MIT",
            "optional": true,
            "os": [
                "linux"
            ]
        },
        "node_modules/@dprint/linux-loong64-glibc": {
            "version": "0.52.0",
            "resolved": "https://registry.npmjs.org/@dprint/linux-loong64-glibc/-/linux-loong64-glibc-0.52.0.tgz",
            "integrity": "sha512-tKj7Bwtcf/zNa1onoshYfQ8CaYz0N6BRYKsovop1H1d2dsRBYAKkR/FvTaPRJp1+Sx7Lc0RjRllFezkhLMRxPw==",
            "cpu": [
                "loong64"
            ],
            "dev": true,
            "libc": [
                "glibc"
            ],
            "license": "MIT",
            "optional": true,
            "os": [
                "linux"
            ]
        },
        "node_modules/@dprint/linux-loong64-musl": {
            "version": "0.52.0",
            "resolved": "https://registry.npmjs.org/@dprint/linux-loong64-musl/-/linux-loong64-musl-0.52.0.tgz",
            "integrity": "sha512-8X+ICN/Pc4B+Zog2UXNDJph5uKLf0VVUItYEQbdbwqsWGzPa27Kqri5ainlFzaDs5TFkJHQKQlphg+TLyxBQ7A==",
            "cpu": [
                "loong64"
            ],
            "dev": true,
            "libc": [
                "musl"
            ],
            "license": "MIT",
            "optional": true,
            "os": [
                "linux"
            ]
        },
        "node_modules/@dprint/linux-riscv64-glibc": {
            "version": "0.52.0",
            "resolved": "https://registry.npmjs.org/@dprint/linux-riscv64-glibc/-/linux-riscv64-glibc-0.52.0.tgz",
            "integrity": "sha512-uQb2VqSnznfZHhrAKLxpjXMc7/c3AYepllVUhcGCdrTVp1fb7inHEilT2wSXUjOipBbfPG33cZWRzAgc5/Effg==",
            "cpu": [
                "riscv64"
            ],
            "dev": true,
            "libc": [
                "glibc"
            ],
            "license": "MIT",
            "optional": true,
            "os": [
                "linux"
            ]
        },
        "node_modules/@dprint/linux-x64-glibc": {
            "version": "0.52.0",
            "resolved": "https://registry.npmjs.org/@dprint/linux-x64-glibc/-/linux-x64-glibc-0.52.0.tgz",
            "integrity": "sha512-Yh3fZYUcHmII+swTUh0qgf0lEPrz4+7v3tq+vqXR8/xa3Sx8QH5MQJsJDw8Ll1mmKX5HrkBNxA5rC1lIDuFn9g==",
            "cpu": [
                "x64"
            ],
            "dev": true,
            "libc": [
                "glibc"
            ],
            "license": "MIT",
            "optional": true,
            "os": [
                "linux"
            ]
        },
        "node_modules/@dprint/linux-x64-musl": {
            "version": "0.52.0",
            "resolved": "https://registry.npmjs.org/@dprint/linux-x64-musl/-/linux-x64-musl-0.52.0.tgz",
            "integrity": "sha512-zdcgL6+PRjyZ4HVll9DuIn2ZnnxKuU0cwXtpfUZNdy+xRh1+OedUY5aZQRDN4163vkLxV9znXQT/TS0+giph1g==",
            "cpu": [
                "x64"
            ],
            "dev": true,
            "libc": [
                "musl"
            ],
            "license": "MIT",
            "optional": true,
            "os": [
                "linux"
            ]
        },
        "node_modules/@dprint/win32-arm64": {
            "version": "0.52.0",
            "resolved": "https://registry.npmjs.org/@dprint/win32-arm64/-/win32-arm64-0.52.0.tgz",
            "integrity": "sha512-rQGhSbl2pcnU4Tl3xXJSPRi1smfIIf7XhVwzNOG7vcSExfcK8yYrrCS3z4VImYKqhI1kvv6gSfnIligtoyaX/g==",
            "cpu": [
                "arm64"
            ],
            "dev": true,
            "license": "MIT",
            "optional": true,
            "os": [
                "win32"
            ]
        },
        "node_modules/@dprint/win32-x64": {
            "version": "0.52.0",
            "resolved": "https://registry.npmjs.org/@dprint/win32-x64/-/win32-x64-0.52.0.tgz",
            "integrity": "sha512-Bi4kW6z9eVtRdNSztSvjjYET4SQzX/OYqsexVyppxv24m5RNOG1h+c9F5MFJpYy9LqQBAKHOQfkzQwPrdgNOXQ==",
            "cpu": [
                "x64"
            ],
            "dev": true,
            "license": "MIT",
            "optional": true,
            "os": [
                "win32"
            ]
        },
        "node_modules/@emnapi/core": {
            "version": "1.10.0",
            "resolved": "https://registry.npmjs.org/@emnapi/core/-/core-1.10.0.tgz",
            "integrity": "sha512-yq6OkJ4p82CAfPl0u9mQebQHKPJkY7WrIuk205cTYnYe+k2Z8YBh11FrbRG/H6ihirqcacOgl2BIO8oyMQLeXw==",
            "dev": true,
            "license": "MIT",
            "optional": true,
            "dependencies": {
                "@emnapi/wasi-threads": "1.2.1",
                "tslib": "^2.4.0"
            }
        },
        "node_modules/@emnapi/runtime": {
            "version": "1.10.0",
            "resolved": "https://registry.npmjs.org/@emnapi/runtime/-/runtime-1.10.0.tgz",
            "integrity": "sha512-ewvYlk86xUoGI0zQRNq/mC+16R1QeDlKQy21Ki3oSYXNgLb45GV1P6A0M+/s6nyCuNDqe5VpaY84BzXGwVbwFA==",
            "dev": true,
            "license": "MIT",
            "optional": true,
            "dependencies": {
                "tslib": "^2.4.0"
            }
        },
        "node_modules/@emnapi/wasi-threads": {
            "version": "1.2.1",
            "resolved": "https://registry.npmjs.org/@emnapi/wasi-threads/-/wasi-threads-1.2.1.tgz",
            "integrity": "sha512-uTII7OYF+/Mes/MrcIOYp5yOtSMLBWSIoLPpcgwipoiKbli6k322tcoFsxoIIxPDqW01SQGAgko4EzZi2BNv2w==",
            "dev": true,
            "license": "MIT",
            "optional": true,
            "dependencies": {
                "tslib": "^2.4.0"
            }
        },
        "node_modules/@napi-rs/wasm-runtime": {
            "version": "1.1.4",
            "resolved": "https://registry.npmjs.org/@napi-rs/wasm-runtime/-/wasm-runtime-1.1.4.tgz",
            "integrity": "sha512-3NQNNgA1YSlJb/kMH1ildASP9HW7/7kYnRI2szWJaofaS1hWmbGI4H+d3+22aGzXXN9IJ+n+GiFVcGipJP18ow==",
            "dev": true,
            "license": "MIT",
            "optional": true,
            "dependencies": {
                "@tybys/wasm-util": "^0.10.1"
            },
            "funding": {
                "type": "github",
                "url": "https://github.com/sponsors/Brooooooklyn"
            },
            "peerDependencies": {
                "@emnapi/core": "^1.7.1",
                "@emnapi/runtime": "^1.7.1"
            }
        },
        "node_modules/@oxc-project/types": {
            "version": "0.132.0",
            "resolved": "https://registry.npmjs.org/@oxc-project/types/-/types-0.132.0.tgz",
            "integrity": "sha512-FESMOxil5Se014ui/Eq8fT5uHJo6nIRwH0PfJrZJXs6Gek3ZVFOrpUv3YIZT20m+extU98Hg1Ym72U58rlsxUQ==",
            "dev": true,
            "license": "MIT",
            "funding": {
                "url": "https://github.com/sponsors/Boshen"
            }
        },
        "node_modules/@rolldown/binding-android-arm64": {
            "version": "1.0.2",
            "resolved": "https://registry.npmjs.org/@rolldown/binding-android-arm64/-/binding-android-arm64-1.0.2.tgz",
            "integrity": "sha512-ZS4D1JPGn/MYQN/SYDWftIE/nVsM8j/AFOYEzAoOE2O3NktQOZru+/vYXGbR/qtdLdIfGCP0lcoJiYVzsEz+iQ==",
            "cpu": [
                "arm64"
            ],
            "dev": true,
            "license": "MIT",
            "optional": true,
            "os": [
                "android"
            ],
            "engines": {
                "node": "^20.19.0 || >=22.12.0"
            }
        },
        "node_modules/@rolldown/binding-darwin-arm64": {
            "version": "1.0.2",
            "resolved": "https://registry.npmjs.org/@rolldown/binding-darwin-arm64/-/binding-darwin-arm64-1.0.2.tgz",
            "integrity": "sha512-vdFA9+C/rekyGce7WqHs/xoT0ioZEWaOFyZLIV1mEeNFaFDUQrPIo8Vs2GvJ6eetb3rzDUtUBgzto3ExpXJB3w==",
            "cpu": [
                "arm64"
            ],
            "dev": true,
            "license": "MIT",
            "optional": true,
            "os": [
                "darwin"
            ],
            "engines": {
                "node": "^20.19.0 || >=22.12.0"
            }
        },
        "node_modules/@rolldown/binding-darwin-x64": {
            "version": "1.0.2",
            "resolved": "https://registry.npmjs.org/@rolldown/binding-darwin-x64/-/binding-darwin-x64-1.0.2.tgz",
            "integrity": "sha512-BewSOwTHazv77DTYiAZXSqqKZ4KP/KonFisDMVU7PImxoWfB2aepnPhd2E4SWz3zDzYgDNbs6jBmTdgNnF02GA==",
            "cpu": [
                "x64"
            ],
            "dev": true,
            "license": "MIT",
            "optional": true,
            "os": [
                "darwin"
            ],
            "engines": {
                "node": "^20.19.0 || >=22.12.0"
            }
        },
        "node_modules/@rolldown/binding-freebsd-x64": {
            "version": "1.0.2",
            "resolved": "https://registry.npmjs.org/@rolldown/binding-freebsd-x64/-/binding-freebsd-x64-1.0.2.tgz",
            "integrity": "sha512-m41o7M0YWtUdqk61Tb+jnKb2rN++iRdIASlExkUoKfIAH30DOHCB8fVLzSUpbWHHU8esmEioY62PxzexE8MBuA==",
            "cpu": [
                "x64"
            ],
            "dev": true,
            "license": "MIT",
            "optional": true,
            "os": [
                "freebsd"
            ],
            "engines": {
                "node": "^20.19.0 || >=22.12.0"
            }
        },
        "node_modules/@rolldown/binding-linux-arm-gnueabihf": {
            "version": "1.0.2",
            "resolved": "https://registry.npmjs.org/@rolldown/binding-linux-arm-gnueabihf/-/binding-linux-arm-gnueabihf-1.0.2.tgz",
            "integrity": "sha512-jcojB9H7W/jS29pMKWAK1N+fU99vXodHDTatS3b3y/XSOCiHo0kkA74pL3jJmkoQtYpOCxDvaKs1fo2Ij/1X5w==",
            "cpu": [
                "arm"
            ],
            "dev": true,
            "license": "MIT",
            "optional": true,
            "os": [
                "linux"
            ],
            "engines": {
                "node": "^20.19.0 || >=22.12.0"
            }
        },
        "node_modules/@rolldown/binding-linux-arm64-gnu": {
            "version": "1.0.2",
            "resolved": "https://registry.npmjs.org/@rolldown/binding-linux-arm64-gnu/-/binding-linux-arm64-gnu-1.0.2.tgz",
            "integrity": "sha512-1jn6qDU5iiOgFgygDzKUuKP0maTi0/f1+sBLgvij/76C77Nm3ts6ufz9Bjg5q5dduxiUIxtq86JIoBvo1xQ4Ig==",
            "cpu": [
                "arm64"
            ],
            "dev": true,
            "libc": [
                "glibc"
            ],
            "license": "MIT",
            "optional": true,
            "os": [
                "linux"
            ],
            "engines": {
                "node": "^20.19.0 || >=22.12.0"
            }
        },
        "node_modules/@rolldown/binding-linux-arm64-musl": {
            "version": "1.0.2",
            "resolved": "https://registry.npmjs.org/@rolldown/binding-linux-arm64-musl/-/binding-linux-arm64-musl-1.0.2.tgz",
            "integrity": "sha512-QVLO/czFMdoMFSqlX3bcswcJNm/23r+qoa/jgtmFc/qEp6/jXmIkDjF/XIo8dPfGaiwy1xfQn8o77L79GeXFgw==",
            "cpu": [
                "arm64"
            ],
            "dev": true,
            "libc": [
                "musl"
            ],
            "license": "MIT",
            "optional": true,
            "os": [
                "linux"
            ],
            "engines": {
                "node": "^20.19.0 || >=22.12.0"
            }
        },
        "node_modules/@rolldown/binding-linux-ppc64-gnu": {
            "version": "1.0.2",
            "resolved": "https://registry.npmjs.org/@rolldown/binding-linux-ppc64-gnu/-/binding-linux-ppc64-gnu-1.0.2.tgz",
            "integrity": "sha512-hgO5Abm0w5UL6FEa2iFnZqo2KlK7TQ5QhV5x09hujBf7t5KzHQ1VmfPuTpqRy/rNlSxua3eWH374xxiVrP+lcA==",
            "cpu": [
                "ppc64"
            ],
            "dev": true,
            "libc": [
                "glibc"
            ],
            "license": "MIT",
            "optional": true,
            "os": [
                "linux"
            ],
            "engines": {
                "node": "^20.19.0 || >=22.12.0"
            }
        },
        "node_modules/@rolldown/binding-linux-s390x-gnu": {
            "version": "1.0.2",
            "resolved": "https://registry.npmjs.org/@rolldown/binding-linux-s390x-gnu/-/binding-linux-s390x-gnu-1.0.2.tgz",
            "integrity": "sha512-fy8rXxuYEu602abC8MUNaPjYLIFzReOaEIEMKMUa0rFEUxNpVXhs15KSSQ4qlqSaM7B6rcj9rDZgADh/IGDzLQ==",
            "cpu": [
                "s390x"
            ],
            "dev": true,
            "libc": [
                "glibc"
            ],
            "license": "MIT",
            "optional": true,
            "os": [
                "linux"
            ],
            "engines": {
                "node": "^20.19.0 || >=22.12.0"
            }
        },
        "node_modules/@rolldown/binding-linux-x64-gnu": {
            "version": "1.0.2",
            "resolved": "https://registry.npmjs.org/@rolldown/binding-linux-x64-gnu/-/binding-linux-x64-gnu-1.0.2.tgz",
            "integrity": "sha512-0+bOkiQ779+r1WpoHOWHqncvyySci0vKph+myNDYb+im6meJAzHQXay6oEgnkHuUGouM1LKTZwqKpBow6Kj7CQ==",
            "cpu": [
                "x64"
            ],
            "dev": true,
            "libc": [
                "glibc"
            ],
            "license": "MIT",
            "optional": true,
            "os": [
                "linux"
            ],
            "engines": {
                "node": "^20.19.0 || >=22.12.0"
            }
        },
        "node_modules/@rolldown/binding-linux-x64-musl": {
            "version": "1.0.2",
            "resolved": "https://registry.npmjs.org/@rolldown/binding-linux-x64-musl/-/binding-linux-x64-musl-1.0.2.tgz",
            "integrity": "sha512-mjSkrzZK5Qsl0a9d1JgILOiuZOSDTVdKENcSXBoqbzSrspLR/4/IRVDo5wd2GgZjNss/viBFJdeq+j7qH2nypw==",
            "cpu": [
                "x64"
            ],
            "dev": true,
            "libc": [
                "musl"
            ],
            "license": "MIT",
            "optional": true,
            "os": [
                "linux"
            ],
            "engines": {
                "node": "^20.19.0 || >=22.12.0"
            }
        },
        "node_modules/@rolldown/binding-openharmony-arm64": {
            "version": "1.0.2",
            "resolved": "https://registry.npmjs.org/@rolldown/binding-openharmony-arm64/-/binding-openharmony-arm64-1.0.2.tgz",
            "integrity": "sha512-1v5vHasdfQAZoEHakBV72LIFAC9JjnymsiKxp+GEr/ma3+NJCPSaYK+qavInOovJkgwFrs7GccX2d6IgDA3Z5w==",
            "cpu": [
                "arm64"
            ],
            "dev": true,
            "license": "MIT",
            "optional": true,
            "os": [
                "openharmony"
            ],
            "engines": {
                "node": "^20.19.0 || >=22.12.0"
            }
        },
        "node_modules/@rolldown/binding-wasm32-wasi": {
            "version": "1.0.2",
            "resolved": "https://registry.npmjs.org/@rolldown/binding-wasm32-wasi/-/binding-wasm32-wasi-1.0.2.tgz",
            "integrity": "sha512-mb1VobWn6NheziTk5/WEaR6AKVbrwT5sOi6C7zk3gy/pD1qtJfU1j4PgTo2NJnOtbL9Dl3Aeei8w9jJ7qC2jZQ==",
            "cpu": [
                "wasm32"
            ],
            "dev": true,
            "license": "MIT",
            "optional": true,
            "dependencies": {
                "@emnapi/core": "1.10.0",
                "@emnapi/runtime": "1.10.0",
                "@napi-rs/wasm-runtime": "^1.1.4"
            },
            "engines": {
                "node": "^20.19.0 || >=22.12.0"
            }
        },
        "node_modules/@rolldown/binding-win32-arm64-msvc": {
            "version": "1.0.2",
            "resolved": "https://registry.npmjs.org/@rolldown/binding-win32-arm64-msvc/-/binding-win32-arm64-msvc-1.0.2.tgz",
            "integrity": "sha512-SqKonF56vA/L2yHwHYcEp2P34URpOZ7d1fS635cTkpDnUtEGdUbhI6NzsPdqeSWvAAeGDrxjWjNmibDIdFf9/A==",
            "cpu": [
                "arm64"
            ],
            "dev": true,
            "license": "MIT",
            "optional": true,
            "os": [
                "win32"
            ],
            "engines": {
                "node": "^20.19.0 || >=22.12.0"
            }
        },
        "node_modules/@rolldown/binding-win32-x64-msvc": {
            "version": "1.0.2",
            "resolved": "https://registry.npmjs.org/@rolldown/binding-win32-x64-msvc/-/binding-win32-x64-msvc-1.0.2.tgz",
            "integrity": "sha512-v7qRI7gXLRINcOGXt+7YmAZ6iFuyZVMIoXAxhd8oP+DR9dLfL9GfNIx7PLMxmhZdvq8waUJBQiWN9EKNy+TRBQ==",
            "cpu": [
                "x64"
            ],
            "dev": true,
            "license": "MIT",
            "optional": true,
            "os": [
                "win32"
            ],
            "engines": {
                "node": "^20.19.0 || >=22.12.0"
            }
        },
        "node_modules/@rolldown/pluginutils": {
            "version": "1.0.1",
            "resolved": "https://registry.npmjs.org/@rolldown/pluginutils/-/pluginutils-1.0.1.tgz",
            "integrity": "sha512-2j9bGt5Jh8hj+vPtgzPtl72j0yRxHAyumoo6TNfAjsLB04UtpSvPbPcDcBMxz7n+9CYB0c1GxQFxYRg2jimqGw==",
            "dev": true,
            "license": "MIT"
        },
        "node_modules/@tybys/wasm-util": {
            "version": "0.10.2",
            "resolved": "https://registry.npmjs.org/@tybys/wasm-util/-/wasm-util-0.10.2.tgz",
            "integrity": "sha512-RoBvJ2X0wuKlWFIjrwffGw1IqZHKQqzIchKaadZZfnNpsAYp2mM0h36JtPCjNDAHGgYez/15uMBpfGwchhiMgg==",
            "dev": true,
            "license": "MIT",
            "optional": true,
            "dependencies": {
                "tslib": "^2.4.0"
            }
        },
        "node_modules/detect-libc": {
            "version": "2.1.2",
            "resolved": "https://registry.npmjs.org/detect-libc/-/detect-libc-2.1.2.tgz",
            "integrity": "sha512-Btj2BOOO83o3WyH59e8MgXsxEQVcarkUOpEYrubB0urwnN10yQ364rsiByU11nZlqWYZm05i/of7io4mzihBtQ==",
            "dev": true,
            "license": "Apache-2.0",
            "engines": {
                "node": ">=8"
            }
        },
        "node_modules/dprint": {
            "version": "0.52.0",
            "resolved": "https://registry.npmjs.org/dprint/-/dprint-0.52.0.tgz",
            "integrity": "sha512-qXf3B6/G4E6SJKngfo7a0z1ja21o/JJ55cF8xyhyIqvJGrpJ96vhXLr37RrbWBWIj8eV+hquBkCAV6jCwenQYA==",
            "dev": true,
            "hasInstallScript": true,
            "license": "MIT",
            "bin": {
                "dprint": "bin.js"
            },
            "optionalDependencies": {
                "@dprint/darwin-arm64": "0.52.0",
                "@dprint/darwin-x64": "0.52.0",
                "@dprint/linux-arm64-glibc": "0.52.0",
                "@dprint/linux-arm64-musl": "0.52.0",
                "@dprint/linux-loong64-glibc": "0.52.0",
                "@dprint/linux-loong64-musl": "0.52.0",
                "@dprint/linux-riscv64-glibc": "0.52.0",
                "@dprint/linux-x64-glibc": "0.52.0",
                "@dprint/linux-x64-musl": "0.52.0",
                "@dprint/win32-arm64": "0.52.0",
                "@dprint/win32-x64": "0.52.0"
            }
        },
        "node_modules/fdir": {
            "version": "6.5.0",
            "resolved": "https://registry.npmjs.org/fdir/-/fdir-6.5.0.tgz",
            "integrity": "sha512-tIbYtZbucOs0BRGqPJkshJUYdL+SDH7dVM8gjy+ERp3WAUjLEFJE+02kanyHtwjWOnwrKYBiwAmM0p4kLJAnXg==",
            "dev": true,
            "license": "MIT",
            "engines": {
                "node": ">=12.0.0"
            },
            "peerDependencies": {
                "picomatch": "^3 || ^4"
            },
            "peerDependenciesMeta": {
                "picomatch": {
                    "optional": true
                }
            }
        },
        "node_modules/fsevents": {
            "version": "2.3.3",
            "resolved": "https://registry.npmjs.org/fsevents/-/fsevents-2.3.3.tgz",
            "integrity": "sha512-5xoDfX+fL7faATnagmWPpbFtwh/R77WmMMqqHGS65C3vvB0YHrgF+B1YmZ3441tMj5n63k0212XNoJwzlhffQw==",
            "dev": true,
            "hasInstallScript": true,
            "license": "MIT",
            "optional": true,
            "os": [
                "darwin"
            ],
            "engines": {
                "node": "^8.16.0 || ^10.6.0 || >=11.0.0"
            }
        },
        "node_modules/leaflet": {
            "version": "1.9.4",
            "resolved": "https://registry.npmjs.org/leaflet/-/leaflet-1.9.4.tgz",
            "integrity": "sha512-nxS1ynzJOmOlHp+iL3FyWqK89GtNL8U8rvlMOsQdTTssxZwCXh8N2NB3GDQOL+YR3XnWyZAxwQixURb+FA74PA==",
            "license": "BSD-2-Clause"
        },
        "node_modules/lightningcss": {
            "version": "1.32.0",
            "resolved": "https://registry.npmjs.org/lightningcss/-/lightningcss-1.32.0.tgz",
            "integrity": "sha512-NXYBzinNrblfraPGyrbPoD19C1h9lfI/1mzgWYvXUTe414Gz/X1FD2XBZSZM7rRTrMA8JL3OtAaGifrIKhQ5yQ==",
            "dev": true,
            "license": "MPL-2.0",
            "dependencies": {
                "detect-libc": "^2.0.3"
            },
            "engines": {
                "node": ">= 12.0.0"
            },
            "funding": {
                "type": "opencollective",
                "url": "https://opencollective.com/parcel"
            },
            "optionalDependencies": {
                "lightningcss-android-arm64": "1.32.0",
                "lightningcss-darwin-arm64": "1.32.0",
                "lightningcss-darwin-x64": "1.32.0",
                "lightningcss-freebsd-x64": "1.32.0",
                "lightningcss-linux-arm-gnueabihf": "1.32.0",
                "lightningcss-linux-arm64-gnu": "1.32.0",
                "lightningcss-linux-arm64-musl": "1.32.0",
                "lightningcss-linux-x64-gnu": "1.32.0",
                "lightningcss-linux-x64-musl": "1.32.0",
                "lightningcss-win32-arm64-msvc": "1.32.0",
                "lightningcss-win32-x64-msvc": "1.32.0"
            }
        },
        "node_modules/lightningcss-android-arm64": {
            "version": "1.32.0",
            "resolved": "https://registry.npmjs.org/lightningcss-android-arm64/-/lightningcss-android-arm64-1.32.0.tgz",
            "integrity": "sha512-YK7/ClTt4kAK0vo6w3X+Pnm0D2cf2vPHbhOXdoNti1Ga0al1P4TBZhwjATvjNwLEBCnKvjJc2jQgHXH0NEwlAg==",
            "cpu": [
                "arm64"
            ],
            "dev": true,
            "license": "MPL-2.0",
            "optional": true,
            "os": [
                "android"
            ],
            "engines": {
                "node": ">= 12.0.0"
            },
            "funding": {
                "type": "opencollective",
                "url": "https://opencollective.com/parcel"
            }
        },
        "node_modules/lightningcss-darwin-arm64": {
            "version": "1.32.0",
            "resolved": "https://registry.npmjs.org/lightningcss-darwin-arm64/-/lightningcss-darwin-arm64-1.32.0.tgz",
            "integrity": "sha512-RzeG9Ju5bag2Bv1/lwlVJvBE3q6TtXskdZLLCyfg5pt+HLz9BqlICO7LZM7VHNTTn/5PRhHFBSjk5lc4cmscPQ==",
            "cpu": [
                "arm64"
            ],
            "dev": true,
            "license": "MPL-2.0",
            "optional": true,
            "os": [
                "darwin"
            ],
            "engines": {
                "node": ">= 12.0.0"
            },
            "funding": {
                "type": "opencollective",
                "url": "https://opencollective.com/parcel"
            }
        },
        "node_modules/lightningcss-darwin-x64": {
            "version": "1.32.0",
            "resolved": "https://registry.npmjs.org/lightningcss-darwin-x64/-/lightningcss-darwin-x64-1.32.0.tgz",
            "integrity": "sha512-U+QsBp2m/s2wqpUYT/6wnlagdZbtZdndSmut/NJqlCcMLTWp5muCrID+K5UJ6jqD2BFshejCYXniPDbNh73V8w==",
            "cpu": [
                "x64"
            ],
            "dev": true,
            "license": "MPL-2.0",
            "optional": true,
            "os": [
                "darwin"
            ],
            "engines": {
                "node": ">= 12.0.0"
            },
            "funding": {
                "type": "opencollective",
                "url": "https://opencollective.com/parcel"
            }
        },
        "node_modules/lightningcss-freebsd-x64": {
            "version": "1.32.0",
            "resolved": "https://registry.npmjs.org/lightningcss-freebsd-x64/-/lightningcss-freebsd-x64-1.32.0.tgz",
            "integrity": "sha512-JCTigedEksZk3tHTTthnMdVfGf61Fky8Ji2E4YjUTEQX14xiy/lTzXnu1vwiZe3bYe0q+SpsSH/CTeDXK6WHig==",
            "cpu": [
                "x64"
            ],
            "dev": true,
            "license": "MPL-2.0",
            "optional": true,
            "os": [
                "freebsd"
            ],
            "engines": {
                "node": ">= 12.0.0"
            },
            "funding": {
                "type": "opencollective",
                "url": "https://opencollective.com/parcel"
            }
        },
        "node_modules/lightningcss-linux-arm-gnueabihf": {
            "version": "1.32.0",
            "resolved": "https://registry.npmjs.org/lightningcss-linux-arm-gnueabihf/-/lightningcss-linux-arm-gnueabihf-1.32.0.tgz",
            "integrity": "sha512-x6rnnpRa2GL0zQOkt6rts3YDPzduLpWvwAF6EMhXFVZXD4tPrBkEFqzGowzCsIWsPjqSK+tyNEODUBXeeVHSkw==",
            "cpu": [
                "arm"
            ],
            "dev": true,
            "license": "MPL-2.0",
            "optional": true,
            "os": [
                "linux"
            ],
            "engines": {
                "node": ">= 12.0.0"
            },
            "funding": {
                "type": "opencollective",
                "url": "https://opencollective.com/parcel"
            }
        },
        "node_modules/lightningcss-linux-arm64-gnu": {
            "version": "1.32.0",
            "resolved": "https://registry.npmjs.org/lightningcss-linux-arm64-gnu/-/lightningcss-linux-arm64-gnu-1.32.0.tgz",
            "integrity": "sha512-0nnMyoyOLRJXfbMOilaSRcLH3Jw5z9HDNGfT/gwCPgaDjnx0i8w7vBzFLFR1f6CMLKF8gVbebmkUN3fa/kQJpQ==",
            "cpu": [
                "arm64"
            ],
            "dev": true,
            "libc": [
                "glibc"
            ],
            "license": "MPL-2.0",
            "optional": true,
            "os": [
                "linux"
            ],
            "engines": {
                "node": ">= 12.0.0"
            },
            "funding": {
                "type": "opencollective",
                "url": "https://opencollective.com/parcel"
            }
        },
        "node_modules/lightningcss-linux-arm64-musl": {
            "version": "1.32.0",
            "resolved": "https://registry.npmjs.org/lightningcss-linux-arm64-musl/-/lightningcss-linux-arm64-musl-1.32.0.tgz",
            "integrity": "sha512-UpQkoenr4UJEzgVIYpI80lDFvRmPVg6oqboNHfoH4CQIfNA+HOrZ7Mo7KZP02dC6LjghPQJeBsvXhJod/wnIBg==",
            "cpu": [
                "arm64"
            ],
            "dev": true,
            "libc": [
                "musl"
            ],
            "license": "MPL-2.0",
            "optional": true,
            "os": [
                "linux"
            ],
            "engines": {
                "node": ">= 12.0.0"
            },
            "funding": {
                "type": "opencollective",
                "url": "https://opencollective.com/parcel"
            }
        },
        "node_modules/lightningcss-linux-x64-gnu": {
            "version": "1.32.0",
            "resolved": "https://registry.npmjs.org/lightningcss-linux-x64-gnu/-/lightningcss-linux-x64-gnu-1.32.0.tgz",
            "integrity": "sha512-V7Qr52IhZmdKPVr+Vtw8o+WLsQJYCTd8loIfpDaMRWGUZfBOYEJeyJIkqGIDMZPwPx24pUMfwSxxI8phr/MbOA==",
            "cpu": [
                "x64"
            ],
            "dev": true,
            "libc": [
                "glibc"
            ],
            "license": "MPL-2.0",
            "optional": true,
            "os": [
                "linux"
            ],
            "engines": {
                "node": ">= 12.0.0"
            },
            "funding": {
                "type": "opencollective",
                "url": "https://opencollective.com/parcel"
            }
        },
        "node_modules/lightningcss-linux-x64-musl": {
            "version": "1.32.0",
            "resolved": "https://registry.npmjs.org/lightningcss-linux-x64-musl/-/lightningcss-linux-x64-musl-1.32.0.tgz",
            "integrity": "sha512-bYcLp+Vb0awsiXg/80uCRezCYHNg1/l3mt0gzHnWV9XP1W5sKa5/TCdGWaR/zBM2PeF/HbsQv/j2URNOiVuxWg==",
            "cpu": [
                "x64"
            ],
            "dev": true,
            "libc": [
                "musl"
            ],
            "license": "MPL-2.0",
            "optional": true,
            "os": [
                "linux"
            ],
            "engines": {
                "node": ">= 12.0.0"
            },
            "funding": {
                "type": "opencollective",
                "url": "https://opencollective.com/parcel"
            }
        },
        "node_modules/lightningcss-win32-arm64-msvc": {
            "version": "1.32.0",
            "resolved": "https://registry.npmjs.org/lightningcss-win32-arm64-msvc/-/lightningcss-win32-arm64-msvc-1.32.0.tgz",
            "integrity": "sha512-8SbC8BR40pS6baCM8sbtYDSwEVQd4JlFTOlaD3gWGHfThTcABnNDBda6eTZeqbofalIJhFx0qKzgHJmcPTnGdw==",
            "cpu": [
                "arm64"
            ],
            "dev": true,
            "license": "MPL-2.0",
            "optional": true,
            "os": [
                "win32"
            ],
            "engines": {
                "node": ">= 12.0.0"
            },
            "funding": {
                "type": "opencollective",
                "url": "https://opencollective.com/parcel"
            }
        },
        "node_modules/lightningcss-win32-x64-msvc": {
            "version": "1.32.0",
            "resolved": "https://registry.npmjs.org/lightningcss-win32-x64-msvc/-/lightningcss-win32-x64-msvc-1.32.0.tgz",
            "integrity": "sha512-Amq9B/SoZYdDi1kFrojnoqPLxYhQ4Wo5XiL8EVJrVsB8ARoC1PWW6VGtT0WKCemjy8aC+louJnjS7U18x3b06Q==",
            "cpu": [
                "x64"
            ],
            "dev": true,
            "license": "MPL-2.0",
            "optional": true,
            "os": [
                "win32"
            ],
            "engines": {
                "node": ">= 12.0.0"
            },
            "funding": {
                "type": "opencollective",
                "url": "https://opencollective.com/parcel"
            }
        },
        "node_modules/nanoid": {
            "version": "3.3.12",
            "resolved": "https://registry.npmjs.org/nanoid/-/nanoid-3.3.12.tgz",
            "integrity": "sha512-ZB9RH/39qpq5Vu6Y+NmUaFhQR6pp+M2Xt76XBnEwDaGcVAqhlvxrl3B2bKS5D3NH3QR76v3aSrKaF/Kiy7lEtQ==",
            "dev": true,
            "funding": [
                {
                    "type": "github",
                    "url": "https://github.com/sponsors/ai"
                }
            ],
            "license": "MIT",
            "bin": {
                "nanoid": "bin/nanoid.cjs"
            },
            "engines": {
                "node": "^10 || ^12 || ^13.7 || ^14 || >=15.0.1"
            }
        },
        "node_modules/picocolors": {
            "version": "1.1.1",
            "resolved": "https://registry.npmjs.org/picocolors/-/picocolors-1.1.1.tgz",
            "integrity": "sha512-xceH2snhtb5M9liqDsmEw56le376mTZkEX/jEb/RxNFyegNul7eNslCXP9FDj/Lcu0X8KEyMceP2ntpaHrDEVA==",
            "dev": true,
            "license": "ISC"
        },
        "node_modules/picomatch": {
            "version": "4.0.4",
            "resolved": "https://registry.npmjs.org/picomatch/-/picomatch-4.0.4.tgz",
            "integrity": "sha512-QP88BAKvMam/3NxH6vj2o21R6MjxZUAd6nlwAS/pnGvN9IVLocLHxGYIzFhg6fUQ+5th6P4dv4eW9jX3DSIj7A==",
            "dev": true,
            "license": "MIT",
            "engines": {
                "node": ">=12"
            },
            "funding": {
                "url": "https://github.com/sponsors/jonschlinkert"
            }
        },
        "node_modules/pocketbase": {
            "version": "0.27.0",
            "resolved": "https://registry.npmjs.org/pocketbase/-/pocketbase-0.27.0.tgz",
            "integrity": "sha512-K5N6d93UP/BNMbMnlZ6BUfy9VPCIvLyqhJFOsNI8OsZwzvKWEAfyD36boi5K4ECIOl5HMlo0TzuaeGdKpMwizQ==",
            "license": "MIT"
        },
        "node_modules/postcss": {
            "version": "8.5.15",
            "resolved": "https://registry.npmjs.org/postcss/-/postcss-8.5.15.tgz",
            "integrity": "sha512-FfR8sjd4em2T6fb3I2MwAJU7HWVMr9zba+enmQeeWFfCbm+UOC/0X4DS8XtpUTMwWMGbjKYP7xjfNekzyGmB3A==",
            "dev": true,
            "funding": [
                {
                    "type": "opencollective",
                    "url": "https://opencollective.com/postcss/"
                },
                {
                    "type": "tidelift",
                    "url": "https://tidelift.com/funding/github/npm/postcss"
                },
                {
                    "type": "github",
                    "url": "https://github.com/sponsors/ai"
                }
            ],
            "license": "MIT",
            "dependencies": {
                "nanoid": "^3.3.12",
                "picocolors": "^1.1.1",
                "source-map-js": "^1.2.1"
            },
            "engines": {
                "node": "^10 || ^12 || >=14"
            }
        },
        "node_modules/rolldown": {
            "version": "1.0.2",
            "resolved": "https://registry.npmjs.org/rolldown/-/rolldown-1.0.2.tgz",
            "integrity": "sha512-oZx5zVDtVB44AW3eaifgDml1gWRDZGvjcfdxonE4swNPG98PrrXjaO/KrnUjzlMnztCCRVlUueA1kCXhARGk6g==",
            "dev": true,
            "license": "MIT",
            "dependencies": {
                "@oxc-project/types": "=0.132.0",
                "@rolldown/pluginutils": "^1.0.0"
            },
            "bin": {
                "rolldown": "bin/cli.mjs"
            },
            "engines": {
                "node": "^20.19.0 || >=22.12.0"
            },
            "optionalDependencies": {
                "@rolldown/binding-android-arm64": "1.0.2",
                "@rolldown/binding-darwin-arm64": "1.0.2",
                "@rolldown/binding-darwin-x64": "1.0.2",
                "@rolldown/binding-freebsd-x64": "1.0.2",
                "@rolldown/binding-linux-arm-gnueabihf": "1.0.2",
                "@rolldown/binding-linux-arm64-gnu": "1.0.2",
                "@rolldown/binding-linux-arm64-musl": "1.0.2",
                "@rolldown/binding-linux-ppc64-gnu": "1.0.2",
                "@rolldown/binding-linux-s390x-gnu": "1.0.2",
                "@rolldown/binding-linux-x64-gnu": "1.0.2",
                "@rolldown/binding-linux-x64-musl": "1.0.2",
                "@rolldown/binding-openharmony-arm64": "1.0.2",
                "@rolldown/binding-wasm32-wasi": "1.0.2",
                "@rolldown/binding-win32-arm64-msvc": "1.0.2",
                "@rolldown/binding-win32-x64-msvc": "1.0.2"
            }
        },
        "node_modules/source-map-js": {
            "version": "1.2.1",
            "resolved": "https://registry.npmjs.org/source-map-js/-/source-map-js-1.2.1.tgz",
            "integrity": "sha512-UXWMKhLOwVKb728IUtQPXxfYU+usdybtUrK/8uGE8CQMvrhOpwvzDBwj0QhSL7MQc7vIsISBG8VQ8+IDQxpfQA==",
            "dev": true,
            "license": "BSD-3-Clause",
            "engines": {
                "node": ">=0.10.0"
            }
        },
        "node_modules/tinyglobby": {
            "version": "0.2.16",
            "resolved": "https://registry.npmjs.org/tinyglobby/-/tinyglobby-0.2.16.tgz",
            "integrity": "sha512-pn99VhoACYR8nFHhxqix+uvsbXineAasWm5ojXoN8xEwK5Kd3/TrhNn1wByuD52UxWRLy8pu+kRMniEi6Eq9Zg==",
            "dev": true,
            "license": "MIT",
            "dependencies": {
                "fdir": "^6.5.0",
                "picomatch": "^4.0.4"
            },
            "engines": {
                "node": ">=12.0.0"
            },
            "funding": {
                "url": "https://github.com/sponsors/SuperchupuDev"
            }
        },
        "node_modules/tslib": {
            "version": "2.8.1",
            "resolved": "https://registry.npmjs.org/tslib/-/tslib-2.8.1.tgz",
            "integrity": "sha512-oJFu94HQb+KVduSUQL7wnpmqnfmLsOA/nAh6b6EH0wCEoK0/mPeXU6c3wKDV83MkOuHPRHtSXKKU99IBazS/2w==",
            "dev": true,
            "license": "0BSD",
            "optional": true
        },
        "node_modules/vite": {
            "version": "8.0.14",
            "resolved": "https://registry.npmjs.org/vite/-/vite-8.0.14.tgz",
            "integrity": "sha512-s4BJJ+5y1pYL6Otw51FHhVJQhPnuRinKig64g/1+EUNaJsd3gCKdD31IPFvswUgW9/60QT9oFHbZHbQK5imcxw==",
            "dev": true,
            "license": "MIT",
            "dependencies": {
                "lightningcss": "^1.32.0",
                "picomatch": "^4.0.4",
                "postcss": "^8.5.15",
                "rolldown": "1.0.2",
                "tinyglobby": "^0.2.16"
            },
            "bin": {
                "vite": "bin/vite.js"
            },
            "engines": {
                "node": "^20.19.0 || >=22.12.0"
            },
            "funding": {
                "url": "https://github.com/vitejs/vite?sponsor=1"
            },
            "optionalDependencies": {
                "fsevents": "~2.3.3"
            },
            "peerDependencies": {
                "@types/node": "^20.19.0 || >=22.12.0",
                "@vitejs/devtools": "^0.1.18",
                "esbuild": "^0.27.0 || ^0.28.0",
                "jiti": ">=1.21.0",
                "less": "^4.0.0",
                "sass": "^1.70.0",
                "sass-embedded": "^1.70.0",
                "stylus": ">=0.54.8",
                "sugarss": "^5.0.0",
                "terser": "^5.16.0",
                "tsx": "^4.8.1",
                "yaml": "^2.4.2"
            },
            "peerDependenciesMeta": {
                "@types/node": {
                    "optional": true
                },
                "@vitejs/devtools": {
                    "optional": true
                },
                "esbuild": {
                    "optional": true
                },
                "jiti": {
                    "optional": true
                },
                "less": {
                    "optional": true
                },
                "sass": {
                    "optional": true
                },
                "sass-embedded": {
                    "optional": true
                },
                "stylus": {
                    "optional": true
                },
                "sugarss": {
                    "optional": true
                },
                "terser": {
                    "optional": true
                },
                "tsx": {
                    "optional": true
                },
                "yaml": {
                    "optional": true
                }
            }
        }
    }
}
